
Microsoft Visual Studio Solution File, Format Version 12.00
# Visual Studio Version 17
VisualStudioVersion = 17.7.34202.233
MinimumVisualStudioVersion = 10.0.40219.1
Project("{FAE04EC0-301F-11D3-BF4B-00C04F79EFBC}") = "DI", "DI.csproj", "{AD90270A-AF59-41D7-AB31-26E15FD58539}"
EndProject
Global
	GlobalSection(SolutionConfigurationPlatforms) = preSolution
		Debug|Any CPU = Debug|Any CPU
		Release|Any CPU = Release|Any CPU
	EndGlobalSection
	GlobalSection(ProjectConfigurationPlatforms) = postSolution
		{AD90270A-AF59-41D7-AB31-26E15FD58539}.Debug|Any CPU.ActiveCfg = Debug|Any CPU
		{AD90270A-AF59-41D7-AB31-26E15FD58539}.Debug|Any CPU.Build.0 = Debug|Any CPU
		{AD90270A-AF59-41D7-AB31-26E15FD58539}.Release|Any CPU.ActiveCfg = Release|Any CPU
		{AD90270A-AF59-41D7-AB31-26E15FD58539}.Release|Any CPU.Build.0 = Release|Any CPU
	EndGlobalSection
	GlobalSection(SolutionProperties) = preSolution
		HideSolutionNode = FALSE
	EndGlobalSection
	GlobalSection(ExtensibilityGlobals) = postSolution
		SolutionGuid = {128026F0-85D3-43CC-A73D-881FD905749D}
	EndGlobalSection
EndGlobal
